
Microsoft Visual Studio Solution File, Format Version 12.00
# Visual Studio Version 16
VisualStudioVersion = 16.0.31729.503
MinimumVisualStudioVersion = 10.0.40219.1
Project("{FAE04EC0-301F-11D3-BF4B-00C04F79EFBC}") = "Casgem_Portfolio", "Casgem_Portfolio\Casgem_Portfolio.csproj", "{7B2764C9-519C-42CC-A926-B95150B6627A}"
EndProject
Global
	GlobalSection(SolutionConfigurationPlatforms) = preSolution
		Debug|Any CPU = Debug|Any CPU
		Release|Any CPU = Release|Any CPU
	EndGlobalSection
	GlobalSection(ProjectConfigurationPlatforms) = postSolution
		{7B2764C9-519C-42CC-A926-B95150B6627A}.Debug|Any CPU.ActiveCfg = Debug|Any CPU
		{7B2764C9-519C-42CC-A926-B95150B6627A}.Debug|Any CPU.Build.0 = Debug|Any CPU
		{7B2764C9-519C-42CC-A926-B95150B6627A}.Release|Any CPU.ActiveCfg = Release|Any CPU
		{7B2764C9-519C-42CC-A926-B95150B6627A}.Release|Any CPU.Build.0 = Release|Any CPU
	EndGlobalSection
	GlobalSection(SolutionProperties) = preSolution
		HideSolutionNode = FALSE
	EndGlobalSection
	GlobalSection(ExtensibilityGlobals) = postSolution
		SolutionGuid = {69884C5E-1F32-41A6-99BE-400D0C458D6E}
	EndGlobalSection
EndGlobal
